<Solution>
  <Folder Name="/src/">
    <Project Path="src/Onyx.Oms.Core/Onyx.Oms.Core.csproj" />
    <Project Path="src/Onyx.Oms.Infrastructure/Onyx.Oms.Infrastructure.csproj" />
    <Project Path="src/Onyx.Oms.Web/Onyx.Oms.Web.csproj" />
  </Folder>
  <Folder Name="/tests/">
    <Project Path="tests/Onyx.Oms.UnitTests/Onyx.Oms.UnitTests.csproj" Id="e408655c-cd03-41dc-bae4-64b4669d8106" />
  </Folder>
</Solution>
